
Microsoft Visual Studio Solution File, Format Version 12.00
# Visual Studio Version 16
VisualStudioVersion = 16.0.28803.202
MinimumVisualStudioVersion = 10.0.40219.1
Project("{FAE04EC0-301F-11D3-BF4B-00C04F79EFBC}") = "QuestionCollection", "QuestionCollection\QuestionCollection.csproj", "{813EB2A5-0C95-4CD9-B64A-9555425A5279}"
EndProject
Project("{FAE04EC0-301F-11D3-BF4B-00C04F79EFBC}") = "QuestionCollectionUnitTests", "QuestionCollectionUnitTests\QuestionCollectionUnitTests.csproj", "{8A45147C-90DC-45B1-9D6A-6D62D2EADB08}"
EndProject
Global
	GlobalSection(SolutionConfigurationPlatforms) = preSolution
		Debug|Any CPU = Debug|Any CPU
		Release|Any CPU = Release|Any CPU
	EndGlobalSection
	GlobalSection(ProjectConfigurationPlatforms) = postSolution
		{813EB2A5-0C95-4CD9-B64A-9555425A5279}.Debug|Any CPU.ActiveCfg = Debug|Any CPU
		{813EB2A5-0C95-4CD9-B64A-9555425A5279}.Debug|Any CPU.Build.0 = Debug|Any CPU
		{813EB2A5-0C95-4CD9-B64A-9555425A5279}.Release|Any CPU.ActiveCfg = Release|Any CPU
		{813EB2A5-0C95-4CD9-B64A-9555425A5279}.Release|Any CPU.Build.0 = Release|Any CPU
		{8A45147C-90DC-45B1-9D6A-6D62D2EADB08}.Debug|Any CPU.ActiveCfg = Debug|Any CPU
		{8A45147C-90DC-45B1-9D6A-6D62D2EADB08}.Debug|Any CPU.Build.0 = Debug|Any CPU
		{8A45147C-90DC-45B1-9D6A-6D62D2EADB08}.Release|Any CPU.ActiveCfg = Release|Any CPU
		{8A45147C-90DC-45B1-9D6A-6D62D2EADB08}.Release|Any CPU.Build.0 = Release|Any CPU
	EndGlobalSection
	GlobalSection(SolutionProperties) = preSolution
		HideSolutionNode = FALSE
	EndGlobalSection
	GlobalSection(ExtensibilityGlobals) = postSolution
		SolutionGuid = {FACE8BF2-1C56-4B89-BFBD-D8819FE75B39}
	EndGlobalSection
EndGlobal
